
Microsoft Visual Studio Solution File, Format Version 12.00
# Visual Studio Version 17
VisualStudioVersion = 17.4.33213.308
MinimumVisualStudioVersion = 10.0.40219.1
Project("{FAE04EC0-301F-11D3-BF4B-00C04F79EFBC}") = "ProductCatalogueAPI", "ProductCatalogueAPI\ProductCatalogueAPI.csproj", "{43B0A458-DBBA-4A74-8257-53E3E5B81B97}"
EndProject
Project("{FAE04EC0-301F-11D3-BF4B-00C04F79EFBC}") = "ProductCatalogueAPI.Core", "ProductCatalogueAPI.Core\ProductCatalogueAPI.Core.csproj", "{4CBA2429-D2F5-4B75-A555-A6DB453695E6}"
EndProject
Project("{FAE04EC0-301F-11D3-BF4B-00C04F79EFBC}") = "ProductCatalogueAPI.Application", "ProductCatalogueAPI.Application\ProductCatalogueAPI.Application.csproj", "{F8F864E5-7551-474E-84A7-F3B734FB99F3}"
EndProject
Project("{FAE04EC0-301F-11D3-BF4B-00C04F79EFBC}") = "ProductCatalogueAPI.Infrastructure", "ProductCatalogueAPI.Infrastructure\ProductCatalogueAPI.Infrastructure.csproj", "{B1A04BCE-4D1E-4F3B-AA2D-CF7292063D82}"
EndProject
Project("{FAE04EC0-301F-11D3-BF4B-00C04F79EFBC}") = "ProductCatalogueAPI.AI", "ProductCatalogueAPI.AI\ProductCatalogueAPI.AI.csproj", "{5182D7BA-FFCC-41EA-941D-6EB283471ED4}"
EndProject
Global
	GlobalSection(SolutionConfigurationPlatforms) = preSolution
		Debug|Any CPU = Debug|Any CPU
		Release|Any CPU = Release|Any CPU
	EndGlobalSection
	GlobalSection(ProjectConfigurationPlatforms) = postSolution
		{43B0A458-DBBA-4A74-8257-53E3E5B81B97}.Debug|Any CPU.ActiveCfg = Debug|Any CPU
		{43B0A458-DBBA-4A74-8257-53E3E5B81B97}.Debug|Any CPU.Build.0 = Debug|Any CPU
		{43B0A458-DBBA-4A74-8257-53E3E5B81B97}.Release|Any CPU.ActiveCfg = Release|Any CPU
		{43B0A458-DBBA-4A74-8257-53E3E5B81B97}.Release|Any CPU.Build.0 = Release|Any CPU
		{4CBA2429-D2F5-4B75-A555-A6DB453695E6}.Debug|Any CPU.ActiveCfg = Debug|Any CPU
		{4CBA2429-D2F5-4B75-A555-A6DB453695E6}.Debug|Any CPU.Build.0 = Debug|Any CPU
		{4CBA2429-D2F5-4B75-A555-A6DB453695E6}.Release|Any CPU.ActiveCfg = Release|Any CPU
		{4CBA2429-D2F5-4B75-A555-A6DB453695E6}.Release|Any CPU.Build.0 = Release|Any CPU
		{F8F864E5-7551-474E-84A7-F3B734FB99F3}.Debug|Any CPU.ActiveCfg = Debug|Any CPU
		{F8F864E5-7551-474E-84A7-F3B734FB99F3}.Debug|Any CPU.Build.0 = Debug|Any CPU
		{F8F864E5-7551-474E-84A7-F3B734FB99F3}.Release|Any CPU.ActiveCfg = Release|Any CPU
		{F8F864E5-7551-474E-84A7-F3B734FB99F3}.Release|Any CPU.Build.0 = Release|Any CPU
		{B1A04BCE-4D1E-4F3B-AA2D-CF7292063D82}.Debug|Any CPU.ActiveCfg = Debug|Any CPU
		{B1A04BCE-4D1E-4F3B-AA2D-CF7292063D82}.Debug|Any CPU.Build.0 = Debug|Any CPU
		{B1A04BCE-4D1E-4F3B-AA2D-CF7292063D82}.Release|Any CPU.ActiveCfg = Release|Any CPU
		{B1A04BCE-4D1E-4F3B-AA2D-CF7292063D82}.Release|Any CPU.Build.0 = Release|Any CPU
		{5182D7BA-FFCC-41EA-941D-6EB283471ED4}.Debug|Any CPU.ActiveCfg = Debug|Any CPU
		{5182D7BA-FFCC-41EA-941D-6EB283471ED4}.Debug|Any CPU.Build.0 = Debug|Any CPU
		{5182D7BA-FFCC-41EA-941D-6EB283471ED4}.Release|Any CPU.ActiveCfg = Release|Any CPU
		{5182D7BA-FFCC-41EA-941D-6EB283471ED4}.Release|Any CPU.Build.0 = Release|Any CPU
	EndGlobalSection
	GlobalSection(SolutionProperties) = preSolution
		HideSolutionNode = FALSE
	EndGlobalSection
	GlobalSection(ExtensibilityGlobals) = postSolution
		SolutionGuid = {24AAF778-9182-48BF-8B0E-772CFBD80792}
	EndGlobalSection
EndGlobal
